
Microsoft Visual Studio Solution File, Format Version 12.00
# Visual Studio Version 17
VisualStudioVersion = 17.6.33723.286
MinimumVisualStudioVersion = 10.0.40219.1
Project("{FAE04EC0-301F-11D3-BF4B-00C04F79EFBC}") = "BSP.Endpoints.RazorPages.UI", "BSP.Endpoints.RazorPages.UI.csproj", "{D395160E-8405-4CC0-B0FD-4368C6B61D66}"
EndProject
Project("{2150E333-8FDC-42A3-9474-1A3956D46DE8}") = "01.Domain", "01.Domain", "{3795C03A-37FB-47D3-B71D-671A6E30D855}"
EndProject
Project("{2150E333-8FDC-42A3-9474-1A3956D46DE8}") = "02.Infrastructure", "02.Infrastructure", "{115F835D-6FFA-4503-9268-AF813F5698B2}"
EndProject
Project("{2150E333-8FDC-42A3-9474-1A3956D46DE8}") = "03.EndPoint", "03.EndPoint", "{87DAE8EC-591A-4A3D-A064-DF84CBB8C6AA}"
EndProject
Project("{2150E333-8FDC-42A3-9474-1A3956D46DE8}") = "Core", "Core", "{14E6B4C1-D4A1-42B1-8A26-A5F77DBBDEE1}"
EndProject
Project("{2150E333-8FDC-42A3-9474-1A3956D46DE8}") = "Services", "Services", "{C202BECD-0E79-4381-AB0B-9801EDC77C35}"
EndProject
Project("{FAE04EC0-301F-11D3-BF4B-00C04F79EFBC}") = "BSP.Domain.Core", "..\BSP.Domain.Core\BSP.Domain.Core.csproj", "{491931D6-FFDF-4D1E-A47F-A362E1BA2354}"
EndProject
Project("{FAE04EC0-301F-11D3-BF4B-00C04F79EFBC}") = "BSP.Domain.AplicationServices", "..\BSP.Domain.AplicationServices\BSP.Domain.AplicationServices.csproj", "{F404B7B5-72F0-422B-91B8-DAD78829DD12}"
EndProject
Project("{FAE04EC0-301F-11D3-BF4B-00C04F79EFBC}") = "BSP.Domain.Services", "..\BSP.Domain.Services\BSP.Domain.Services.csproj", "{E8400BE3-3424-4709-8D74-27CC0C4F882C}"
EndProject
Project("{FAE04EC0-301F-11D3-BF4B-00C04F79EFBC}") = "BSP.Infrastructures.Database.Repos.Ef", "..\BSP.Infrastructures.Database.Repos.Ef\BSP.Infrastructures.Database.Repos.Ef.csproj", "{96C13C41-4841-40AF-8074-DFC3C7703724}"
EndProject
Project("{FAE04EC0-301F-11D3-BF4B-00C04F79EFBC}") = "BSP.Infrastructures.Database.SqlServer", "..\BSP.Infrastructures.Database.SqlServer\BSP.Infrastructures.Database.SqlServer.csproj", "{6A169316-BD54-4383-A1D0-E887F07D6219}"
EndProject
Global
	GlobalSection(SolutionConfigurationPlatforms) = preSolution
		Debug|Any CPU = Debug|Any CPU
		Release|Any CPU = Release|Any CPU
	EndGlobalSection
	GlobalSection(ProjectConfigurationPlatforms) = postSolution
		{D395160E-8405-4CC0-B0FD-4368C6B61D66}.Debug|Any CPU.ActiveCfg = Debug|Any CPU
		{D395160E-8405-4CC0-B0FD-4368C6B61D66}.Debug|Any CPU.Build.0 = Debug|Any CPU
		{D395160E-8405-4CC0-B0FD-4368C6B61D66}.Release|Any CPU.ActiveCfg = Release|Any CPU
		{D395160E-8405-4CC0-B0FD-4368C6B61D66}.Release|Any CPU.Build.0 = Release|Any CPU
		{491931D6-FFDF-4D1E-A47F-A362E1BA2354}.Debug|Any CPU.ActiveCfg = Debug|Any CPU
		{491931D6-FFDF-4D1E-A47F-A362E1BA2354}.Debug|Any CPU.Build.0 = Debug|Any CPU
		{491931D6-FFDF-4D1E-A47F-A362E1BA2354}.Release|Any CPU.ActiveCfg = Release|Any CPU
		{491931D6-FFDF-4D1E-A47F-A362E1BA2354}.Release|Any CPU.Build.0 = Release|Any CPU
		{F404B7B5-72F0-422B-91B8-DAD78829DD12}.Debug|Any CPU.ActiveCfg = Debug|Any CPU
		{F404B7B5-72F0-422B-91B8-DAD78829DD12}.Debug|Any CPU.Build.0 = Debug|Any CPU
		{F404B7B5-72F0-422B-91B8-DAD78829DD12}.Release|Any CPU.ActiveCfg = Release|Any CPU
		{F404B7B5-72F0-422B-91B8-DAD78829DD12}.Release|Any CPU.Build.0 = Release|Any CPU
		{E8400BE3-3424-4709-8D74-27CC0C4F882C}.Debug|Any CPU.ActiveCfg = Debug|Any CPU
		{E8400BE3-3424-4709-8D74-27CC0C4F882C}.Debug|Any CPU.Build.0 = Debug|Any CPU
		{E8400BE3-3424-4709-8D74-27CC0C4F882C}.Release|Any CPU.ActiveCfg = Release|Any CPU
		{E8400BE3-3424-4709-8D74-27CC0C4F882C}.Release|Any CPU.Build.0 = Release|Any CPU
		{96C13C41-4841-40AF-8074-DFC3C7703724}.Debug|Any CPU.ActiveCfg = Debug|Any CPU
		{96C13C41-4841-40AF-8074-DFC3C7703724}.Debug|Any CPU.Build.0 = Debug|Any CPU
		{96C13C41-4841-40AF-8074-DFC3C7703724}.Release|Any CPU.ActiveCfg = Release|Any CPU
		{96C13C41-4841-40AF-8074-DFC3C7703724}.Release|Any CPU.Build.0 = Release|Any CPU
		{6A169316-BD54-4383-A1D0-E887F07D6219}.Debug|Any CPU.ActiveCfg = Debug|Any CPU
		{6A169316-BD54-4383-A1D0-E887F07D6219}.Debug|Any CPU.Build.0 = Debug|Any CPU
		{6A169316-BD54-4383-A1D0-E887F07D6219}.Release|Any CPU.ActiveCfg = Release|Any CPU
		{6A169316-BD54-4383-A1D0-E887F07D6219}.Release|Any CPU.Build.0 = Release|Any CPU
	EndGlobalSection
	GlobalSection(SolutionProperties) = preSolution
		HideSolutionNode = FALSE
	EndGlobalSection
	GlobalSection(NestedProjects) = preSolution
		{D395160E-8405-4CC0-B0FD-4368C6B61D66} = {87DAE8EC-591A-4A3D-A064-DF84CBB8C6AA}
		{14E6B4C1-D4A1-42B1-8A26-A5F77DBBDEE1} = {3795C03A-37FB-47D3-B71D-671A6E30D855}
		{C202BECD-0E79-4381-AB0B-9801EDC77C35} = {3795C03A-37FB-47D3-B71D-671A6E30D855}
		{491931D6-FFDF-4D1E-A47F-A362E1BA2354} = {14E6B4C1-D4A1-42B1-8A26-A5F77DBBDEE1}
		{F404B7B5-72F0-422B-91B8-DAD78829DD12} = {C202BECD-0E79-4381-AB0B-9801EDC77C35}
		{E8400BE3-3424-4709-8D74-27CC0C4F882C} = {C202BECD-0E79-4381-AB0B-9801EDC77C35}
		{96C13C41-4841-40AF-8074-DFC3C7703724} = {115F835D-6FFA-4503-9268-AF813F5698B2}
		{6A169316-BD54-4383-A1D0-E887F07D6219} = {115F835D-6FFA-4503-9268-AF813F5698B2}
	EndGlobalSection
	GlobalSection(ExtensibilityGlobals) = postSolution
		SolutionGuid = {FE45CFE6-F8ED-40FA-8C83-01FDE2A3A2EA}
	EndGlobalSection
EndGlobal
