
Microsoft Visual Studio Solution File, Format Version 12.00
# Visual Studio Version 17
VisualStudioVersion = 17.6.33723.286
MinimumVisualStudioVersion = 10.0.40219.1
Project("{FAE04EC0-301F-11D3-BF4B-00C04F79EFBC}") = "BuySellPro", "BuySellPro.csproj", "{D395160E-8405-4CC0-B0FD-4368C6B61D66}"
EndProject
Global
	GlobalSection(SolutionConfigurationPlatforms) = preSolution
		Debug|Any CPU = Debug|Any CPU
		Release|Any CPU = Release|Any CPU
	EndGlobalSection
	GlobalSection(ProjectConfigurationPlatforms) = postSolution
		{D395160E-8405-4CC0-B0FD-4368C6B61D66}.Debug|Any CPU.ActiveCfg = Debug|Any CPU
		{D395160E-8405-4CC0-B0FD-4368C6B61D66}.Debug|Any CPU.Build.0 = Debug|Any CPU
		{D395160E-8405-4CC0-B0FD-4368C6B61D66}.Release|Any CPU.ActiveCfg = Release|Any CPU
		{D395160E-8405-4CC0-B0FD-4368C6B61D66}.Release|Any CPU.Build.0 = Release|Any CPU
	EndGlobalSection
	GlobalSection(SolutionProperties) = preSolution
		HideSolutionNode = FALSE
	EndGlobalSection
	GlobalSection(ExtensibilityGlobals) = postSolution
		SolutionGuid = {FE45CFE6-F8ED-40FA-8C83-01FDE2A3A2EA}
	EndGlobalSection
EndGlobal
